{
  "name": "petit-ui",
  "version": "1.0.0-beta.3",
  "lockfileVersion": 2,
  "requires": true,
  "packages": {
    "": {
      "version": "1.0.0-beta.3",
      "license": "MIT",
      "dependencies": {
        "petit-css": "^1.0.0-beta.12"
      }
    },
    "node_modules/petit-css": {
      "version": "1.0.0-beta.12",
      "resolved": "https://registry.npmjs.org/petit-css/-/petit-css-1.0.0-beta.12.tgz",
      "integrity": "sha512-bXRbDr2MUi54HDPL/RO2XMWM+PnaacuNaOOdulK0bjkGGTOzlf3CHnflXLg1z9qkVP+XyVeb8XPcC8BceXKTUA=="
    }
  },
  "dependencies": {
    "petit-css": {
      "version": "1.0.0-beta.12",
      "resolved": "https://registry.npmjs.org/petit-css/-/petit-css-1.0.0-beta.12.tgz",
      "integrity": "sha512-bXRbDr2MUi54HDPL/RO2XMWM+PnaacuNaOOdulK0bjkGGTOzlf3CHnflXLg1z9qkVP+XyVeb8XPcC8BceXKTUA=="
    }
  }
}
